
Microsoft Visual Studio Solution File, Format Version 12.00
# Visual Studio Version 16
VisualStudioVersion = 16.0.29609.76
MinimumVisualStudioVersion = 10.0.40219.1
Project("{9A19103F-16F7-4668-BE54-9A1E7A4F7556}") = "DBInline", "DBInline\DBInline.csproj", "{EFD06EBB-51AE-49D2-AD9B-70BBF3E3F356}"
EndProject
Global
	GlobalSection(SolutionConfigurationPlatforms) = preSolution
		Debug|Any CPU = Debug|Any CPU
		Release|Any CPU = Release|Any CPU
	EndGlobalSection
	GlobalSection(ProjectConfigurationPlatforms) = postSolution
		{EFD06EBB-51AE-49D2-AD9B-70BBF3E3F356}.Debug|Any CPU.ActiveCfg = Debug|Any CPU
		{EFD06EBB-51AE-49D2-AD9B-70BBF3E3F356}.Debug|Any CPU.Build.0 = Debug|Any CPU
		{EFD06EBB-51AE-49D2-AD9B-70BBF3E3F356}.Release|Any CPU.ActiveCfg = Release|Any CPU
		{EFD06EBB-51AE-49D2-AD9B-70BBF3E3F356}.Release|Any CPU.Build.0 = Release|Any CPU
		{2802B3BC-2350-416C-BD12-E9544DB31BFF}.Debug|Any CPU.ActiveCfg = Debug|Any CPU
		{2802B3BC-2350-416C-BD12-E9544DB31BFF}.Debug|Any CPU.Build.0 = Debug|Any CPU
		{2802B3BC-2350-416C-BD12-E9544DB31BFF}.Release|Any CPU.ActiveCfg = Release|Any CPU
		{2802B3BC-2350-416C-BD12-E9544DB31BFF}.Release|Any CPU.Build.0 = Release|Any CPU
	EndGlobalSection
	GlobalSection(SolutionProperties) = preSolution
		HideSolutionNode = FALSE
	EndGlobalSection
	GlobalSection(ExtensibilityGlobals) = postSolution
		SolutionGuid = {E8708352-1318-4B24-8BBC-409DDAB1FC36}
	EndGlobalSection
EndGlobal
